
Microsoft Visual Studio Solution File, Format Version 12.00
# Visual Studio Version 17
VisualStudioVersion = 17.14.36401.2 d17.14
MinimumVisualStudioVersion = 10.0.40219.1
Project("{FAE04EC0-301F-11D3-BF4B-00C04F79EFBC}") = "Binary Hex Calculator", "Binary Hex Calculator\Binary Hex Calculator.csproj", "{46A421B4-A457-4E03-92BB-9F45B76BF914}"
EndProject
Global
	GlobalSection(SolutionConfigurationPlatforms) = preSolution
		Debug|Any CPU = Debug|Any CPU
		Release|Any CPU = Release|Any CPU
	EndGlobalSection
	GlobalSection(ProjectConfigurationPlatforms) = postSolution
		{46A421B4-A457-4E03-92BB-9F45B76BF914}.Debug|Any CPU.ActiveCfg = Debug|Any CPU
		{46A421B4-A457-4E03-92BB-9F45B76BF914}.Debug|Any CPU.Build.0 = Debug|Any CPU
		{46A421B4-A457-4E03-92BB-9F45B76BF914}.Release|Any CPU.ActiveCfg = Release|Any CPU
		{46A421B4-A457-4E03-92BB-9F45B76BF914}.Release|Any CPU.Build.0 = Release|Any CPU
	EndGlobalSection
	GlobalSection(SolutionProperties) = preSolution
		HideSolutionNode = FALSE
	EndGlobalSection
	GlobalSection(ExtensibilityGlobals) = postSolution
		SolutionGuid = {9F8038B6-54C6-4E4E-A901-E6EBCAD2A4C5}
	EndGlobalSection
EndGlobal
